# THIS IS AN AUTOGENERATED FILE. DO NOT EDIT THIS FILE DIRECTLY.
# yarn lockfile v1


"@figma/plugin-typings@*":
  version "1.57.1"
  resolved "https://registry.npmjs.org/@figma/plugin-typings/-/plugin-typings-1.57.1.tgz"
  integrity sha512-kwiuApuqgkIPbFKey459VspenqXlBcBoMTnTZdQ/Hk2N71BTOZ0cM5Xq3zbPW/bEQOYtGDpweWxcXYHLo19HxQ==

typescript@*:
  version "4.9.3"
  resolved "https://registry.npmjs.org/typescript/-/typescript-4.9.3.tgz"
  integrity sha512-CIfGzTelbKNEnLpLdGFgdyKhG23CKdKgQPOBc+OUNrkJ2vr+KSzsSV5kq5iWhEQbok+quxgGzrAtGWCyU7tHnA==
